
Microsoft Visual Studio Solution File, Format Version 12.00
# Visual Studio Version 16
VisualStudioVersion = 16.0.31205.134
MinimumVisualStudioVersion = 10.0.40219.1
Project("{FAE04EC0-301F-11D3-BF4B-00C04F79EFBC}") = "Capa_Entidad", "Capa_Entidad\Capa_Entidad.csproj", "{BFE9BBD9-8C41-459D-90F5-0531122644D8}"
EndProject
Project("{FAE04EC0-301F-11D3-BF4B-00C04F79EFBC}") = "Capa_Datos", "Capa_Datos\Capa_Datos.csproj", "{4D77137D-63CF-444B-AC71-14C1551851C8}"
EndProject
Project("{FAE04EC0-301F-11D3-BF4B-00C04F79EFBC}") = "Capa_Negocio", "Capa_Negocio\Capa_Negocio.csproj", "{936AE9CF-7756-4F7D-8346-09F5347A0C34}"
EndProject
Project("{FAE04EC0-301F-11D3-BF4B-00C04F79EFBC}") = "Pedidos", "Pedidos\Pedidos.csproj", "{9B14DDAB-A9F6-4CFA-B56C-40BC9870933C}"
EndProject
Global
	GlobalSection(SolutionConfigurationPlatforms) = preSolution
		Debug|Any CPU = Debug|Any CPU
		Release|Any CPU = Release|Any CPU
	EndGlobalSection
	GlobalSection(ProjectConfigurationPlatforms) = postSolution
		{BFE9BBD9-8C41-459D-90F5-0531122644D8}.Debug|Any CPU.ActiveCfg = Debug|Any CPU
		{BFE9BBD9-8C41-459D-90F5-0531122644D8}.Debug|Any CPU.Build.0 = Debug|Any CPU
		{BFE9BBD9-8C41-459D-90F5-0531122644D8}.Release|Any CPU.ActiveCfg = Release|Any CPU
		{BFE9BBD9-8C41-459D-90F5-0531122644D8}.Release|Any CPU.Build.0 = Release|Any CPU
		{4D77137D-63CF-444B-AC71-14C1551851C8}.Debug|Any CPU.ActiveCfg = Debug|Any CPU
		{4D77137D-63CF-444B-AC71-14C1551851C8}.Debug|Any CPU.Build.0 = Debug|Any CPU
		{4D77137D-63CF-444B-AC71-14C1551851C8}.Release|Any CPU.ActiveCfg = Release|Any CPU
		{4D77137D-63CF-444B-AC71-14C1551851C8}.Release|Any CPU.Build.0 = Release|Any CPU
		{936AE9CF-7756-4F7D-8346-09F5347A0C34}.Debug|Any CPU.ActiveCfg = Debug|Any CPU
		{936AE9CF-7756-4F7D-8346-09F5347A0C34}.Debug|Any CPU.Build.0 = Debug|Any CPU
		{936AE9CF-7756-4F7D-8346-09F5347A0C34}.Release|Any CPU.ActiveCfg = Release|Any CPU
		{936AE9CF-7756-4F7D-8346-09F5347A0C34}.Release|Any CPU.Build.0 = Release|Any CPU
		{9B14DDAB-A9F6-4CFA-B56C-40BC9870933C}.Debug|Any CPU.ActiveCfg = Debug|Any CPU
		{9B14DDAB-A9F6-4CFA-B56C-40BC9870933C}.Debug|Any CPU.Build.0 = Debug|Any CPU
		{9B14DDAB-A9F6-4CFA-B56C-40BC9870933C}.Release|Any CPU.ActiveCfg = Release|Any CPU
		{9B14DDAB-A9F6-4CFA-B56C-40BC9870933C}.Release|Any CPU.Build.0 = Release|Any CPU
	EndGlobalSection
	GlobalSection(SolutionProperties) = preSolution
		HideSolutionNode = FALSE
	EndGlobalSection
	GlobalSection(ExtensibilityGlobals) = postSolution
		SolutionGuid = {EE8C0BE6-039D-4A98-A500-B911799E30F6}
	EndGlobalSection
EndGlobal
